
Microsoft Visual Studio Solution File, Format Version 12.00
# Visual Studio Version 17
VisualStudioVersion = 17.5.33530.505
MinimumVisualStudioVersion = 10.0.40219.1
Project("{FAE04EC0-301F-11D3-BF4B-00C04F79EFBC}") = "EntWatch creator", "EntWatch creator\EntWatch creator.csproj", "{5E0EB445-7C33-472F-8EA0-4EF1C7D58B57}"
EndProject
Global
	GlobalSection(SolutionConfigurationPlatforms) = preSolution
		Debug|Any CPU = Debug|Any CPU
		Release|Any CPU = Release|Any CPU
	EndGlobalSection
	GlobalSection(ProjectConfigurationPlatforms) = postSolution
		{5E0EB445-7C33-472F-8EA0-4EF1C7D58B57}.Debug|Any CPU.ActiveCfg = Debug|Any CPU
		{5E0EB445-7C33-472F-8EA0-4EF1C7D58B57}.Debug|Any CPU.Build.0 = Debug|Any CPU
		{5E0EB445-7C33-472F-8EA0-4EF1C7D58B57}.Release|Any CPU.ActiveCfg = Release|Any CPU
		{5E0EB445-7C33-472F-8EA0-4EF1C7D58B57}.Release|Any CPU.Build.0 = Release|Any CPU
	EndGlobalSection
	GlobalSection(SolutionProperties) = preSolution
		HideSolutionNode = FALSE
	EndGlobalSection
	GlobalSection(ExtensibilityGlobals) = postSolution
		SolutionGuid = {AEC0FC26-C622-492B-9C73-4A7EF4DCF922}
	EndGlobalSection
EndGlobal
